
Microsoft Visual Studio Solution File, Format Version 12.00
# Visual Studio Version 17
VisualStudioVersion = 17.8.34525.116
MinimumVisualStudioVersion = 10.0.40219.1
Project("{FAE04EC0-301F-11D3-BF4B-00C04F79EFBC}") = "Sistema Inventario", "Sistema Inventario\Sistema Inventario.csproj", "{32690C5E-F47B-477E-BFA5-9A5A0F5422EA}"
EndProject
Global
	GlobalSection(SolutionConfigurationPlatforms) = preSolution
		Debug|Any CPU = Debug|Any CPU
		Release|Any CPU = Release|Any CPU
	EndGlobalSection
	GlobalSection(ProjectConfigurationPlatforms) = postSolution
		{32690C5E-F47B-477E-BFA5-9A5A0F5422EA}.Debug|Any CPU.ActiveCfg = Debug|Any CPU
		{32690C5E-F47B-477E-BFA5-9A5A0F5422EA}.Debug|Any CPU.Build.0 = Debug|Any CPU
		{32690C5E-F47B-477E-BFA5-9A5A0F5422EA}.Release|Any CPU.ActiveCfg = Release|Any CPU
		{32690C5E-F47B-477E-BFA5-9A5A0F5422EA}.Release|Any CPU.Build.0 = Release|Any CPU
	EndGlobalSection
	GlobalSection(SolutionProperties) = preSolution
		HideSolutionNode = FALSE
	EndGlobalSection
	GlobalSection(ExtensibilityGlobals) = postSolution
		SolutionGuid = {3F3507FD-5FB6-4F4D-9F85-9B7D27172110}
	EndGlobalSection
EndGlobal
